
Microsoft Visual Studio Solution File, Format Version 12.00
# Visual Studio Version 17
VisualStudioVersion = 17.7.34221.43
MinimumVisualStudioVersion = 10.0.40219.1
Project("{FAE04EC0-301F-11D3-BF4B-00C04F79EFBC}") = "JornadaMilhasV0", "JornadaMilhasV0.csproj", "{856E622E-B62B-444B-81BF-E806E0B1CEE7}"
EndProject
Project("{FAE04EC0-301F-11D3-BF4B-00C04F79EFBC}") = "JornadaMilhas.Testes", "..\JornadaMilhas.Testes\JornadaMilhas.Testes.csproj", "{B0EF63EC-8620-486B-AC42-32AEE0C8D822}"
EndProject
Global
	GlobalSection(SolutionConfigurationPlatforms) = preSolution
		Debug|Any CPU = Debug|Any CPU
		Release|Any CPU = Release|Any CPU
	EndGlobalSection
	GlobalSection(ProjectConfigurationPlatforms) = postSolution
		{856E622E-B62B-444B-81BF-E806E0B1CEE7}.Debug|Any CPU.ActiveCfg = Debug|Any CPU
		{856E622E-B62B-444B-81BF-E806E0B1CEE7}.Debug|Any CPU.Build.0 = Debug|Any CPU
		{856E622E-B62B-444B-81BF-E806E0B1CEE7}.Release|Any CPU.ActiveCfg = Release|Any CPU
		{856E622E-B62B-444B-81BF-E806E0B1CEE7}.Release|Any CPU.Build.0 = Release|Any CPU
		{B0EF63EC-8620-486B-AC42-32AEE0C8D822}.Debug|Any CPU.ActiveCfg = Debug|Any CPU
		{B0EF63EC-8620-486B-AC42-32AEE0C8D822}.Debug|Any CPU.Build.0 = Debug|Any CPU
		{B0EF63EC-8620-486B-AC42-32AEE0C8D822}.Release|Any CPU.ActiveCfg = Release|Any CPU
		{B0EF63EC-8620-486B-AC42-32AEE0C8D822}.Release|Any CPU.Build.0 = Release|Any CPU
	EndGlobalSection
	GlobalSection(SolutionProperties) = preSolution
		HideSolutionNode = FALSE
	EndGlobalSection
	GlobalSection(ExtensibilityGlobals) = postSolution
		SolutionGuid = {A1D3C185-8AA9-4518-AFAF-F788732EF0F2}
	EndGlobalSection
EndGlobal
